Microsoft Visual Studio Solution File, Format Version 12.00
# Visual Studio Version 17
VisualStudioVersion = 17.11.35005.142
MinimumVisualStudioVersion = 10.0.40219.1
Project("{2150E333-8FDC-42A3-9474-1A3956D46DE8}") = "Deployables", "Deployables", "{C2748FB2-AC6E-42CD-A53D-4EA329E24FF4}"
EndProject
Project("{2150E333-8FDC-42A3-9474-1A3956D46DE8}") = "Domains", "Domains", "{4A4C5A58-EBE2-4867-B050-4FD353E4305D}"
EndProject
Project("{2150E333-8FDC-42A3-9474-1A3956D46DE8}") = "Customer", "Customer", "{CFA687FB-6CD6-4A14-BE84-465F271F99FD}"
EndProject
Project("{2150E333-8FDC-42A3-9474-1A3956D46DE8}") = "Payment", "Payment", "{0C2CFBFE-AD2A-41BF-B922-63E58D6E8EFC}"
EndProject
Project("{2150E333-8FDC-42A3-9474-1A3956D46DE8}") = "Delivery", "Delivery", "{4BE036B3-9432-4D7B-9E2C-E22A035E3750}"
EndProject
Project("{2150E333-8FDC-42A3-9474-1A3956D46DE8}") = "Shared", "Shared", "{93BE109E-F614-458D-B1DD-5C01A4C2DFFF}"
EndProject
Project("{9A19103F-16F7-4668-BE54-9A1E7A4F7556}") = "POS.Domains.Customer.Api", "Domains\Customer\POS.Domains.Customer.Api\POS.Domains.Customer.Api.csproj", "{65317300-0C06-41E7-9F1D-EE62319DE7F6}"
EndProject
Project("{9A19103F-16F7-4668-BE54-9A1E7A4F7556}") = "POS.Domains.Customer.Domain", "Domains\Customer\POS.Domains.Customer.Domain\POS.Domains.Customer.Domain.csproj", "{1773E549-E9CF-41B0-B5E6-DFF235385153}"
EndProject
Project("{2150E333-8FDC-42A3-9474-1A3956D46DE8}") = "Persistence", "Persistence", "{29995282-2F1E-4A4C-890E-69EC86803F3C}"
EndProject
Project("{2150E333-8FDC-42A3-9474-1A3956D46DE8}") = "Domain", "Domain", "{56AA34D6-5B31-442A-AF0A-939CF38747DF}"
EndProject
Project("{9A19103F-16F7-4668-BE54-9A1E7A4F7556}") = "POS.Shared.Domain", "Shared\Domain\POS.Shared.Domain\POS.Shared.Domain.csproj", "{930EBFD6-17E1-4110-80E9-4FD52475720D}"
EndProject
Project("{9A19103F-16F7-4668-BE54-9A1E7A4F7556}") = "POS.Shared.Domain.Generic", "Shared\Domain\POS.Shared.Domain.Generic\POS.Shared.Domain.Generic.csproj", "{9E42609E-EC4B-47D9-8066-48D4A076FBB6}"
EndProject
Project("{9A19103F-16F7-4668-BE54-9A1E7A4F7556}") = "POS.Domains.Customer.Persistence", "Domains\Customer\POS.Domains.Customer.Persistence\POS.Domains.Customer.Persistence.csproj", "{FEA27B42-F8AF-44CE-8EF5-A27AACAD5DA1}"
EndProject
Project("{9A19103F-16F7-4668-BE54-9A1E7A4F7556}") = "POS.Domains.Customer.UseCases", "Domains\Customer\POS.Domains.Customer.UseCases\POS.Domains.Customer.UseCases.csproj", "{AE24ECC5-2DDB-4440-940C-8CE76609C818}"
EndProject
Project("{FAE04EC0-301F-11D3-BF4B-00C04F79EFBC}") = "POS.Shared.Persistence", "Shared\Persistence\POS.Shared.Persistence\POS.Shared.Persistence.csproj", "{CB91B0E8-9A85-468B-89FC-77E92D50AB31}"
EndProject
Project("{2150E333-8FDC-42A3-9474-1A3956D46DE8}") = "Infrastructure", "Infrastructure", "{5FD8AA1D-33AA-4C0D-9D17-A2A7EF4C8C0D}"
EndProject
Project("{FAE04EC0-301F-11D3-BF4B-00C04F79EFBC}") = "POS.Persistence.PostgreSql", "Infrastructure\POS.Persistence.PostgreSql\POS.Persistence.PostgreSql.csproj", "{44E93143-5B82-4F45-A6E4-F24E34864988}"
EndProject
Project("{FAE04EC0-301F-11D3-BF4B-00C04F79EFBC}") = "POS.Shared.Persistence.PostgreSql", "Shared\Persistence\POS.Shared.Persistence.PostgreSql\POS.Shared.Persistence.PostgreSql.csproj", "{4E1EAB7C-94EC-4A2D-BB95-1E0B6AD5812B}"
EndProject
Project("{FAE04EC0-301F-11D3-BF4B-00C04F79EFBC}") = "POS.Shared.Persistence.PostgreSql.UnitTests", "Shared\Persistence\POS.Shared.Persistence.PostgreSql.UnitTests\POS.Shared.Persistence.PostgreSql.UnitTests.csproj", "{02A01D0A-7F5E-486A-BA05-747C4A74C488}"
EndProject
Project("{FAE04EC0-301F-11D3-BF4B-00C04F79EFBC}") = "POS.Persistence.PostgreSql.DbMigrations", "Infrastructure\POS.Persistence.PostgreSql.DbMigrations\POS.Persistence.PostgreSql.DbMigrations.csproj", "{2E6DB639-3273-4564-91AE-BC28A2613A21}"
EndProject
Project("{FAE04EC0-301F-11D3-BF4B-00C04F79EFBC}") = "POS.Persistence.DbSeed", "Infrastructure\POS.Persistence.DbSeed\POS.Persistence.DbSeed.csproj", "{F7F1E134-E00F-4162-B974-8AAFC325F0B8}"
EndProject
Project("{FAE04EC0-301F-11D3-BF4B-00C04F79EFBC}") = "POS.Shared.Persistence.PostgreSql.DbSeeds", "Shared\Persistence\POS.Shared.Persistence.PostgreSql.DbSeeds\POS.Shared.Persistence.PostgreSql.DbSeeds.csproj", "{6B5A2FEB-DD8A-452C-833D-B3E7D901E103}"
EndProject
Project("{FAE04EC0-301F-11D3-BF4B-00C04F79EFBC}") = "POS.Shared.Persistence.PostgreSql.DbSeeds.Tests", "Shared\Persistence\POS.Shared.Persistence.PostgreSql.DbSeeds.Tests\POS.Shared.Persistence.PostgreSql.DbSeeds.Tests.csproj", "{DB2365CB-3836-4462-8D4A-1279A024F800}"
EndProject
Project("{2150E333-8FDC-42A3-9474-1A3956D46DE8}") = "Other", "Other", "{E898B59F-AC60-4CD8-B3B3-C4AD0CEE7206}"
	ProjectSection(SolutionItems) = preProject
		Directory.Build.props = Directory.Build.props
	EndProjectSection
EndProject
Project("{2150E333-8FDC-42A3-9474-1A3956D46DE8}") = "Testing", "Testing", "{80A141AC-F0C3-4DF1-A696-F419BBD0C7C2}"
EndProject
Project("{FAE04EC0-301F-11D3-BF4B-00C04F79EFBC}") = "POS.Shared.Testing", "Shared\Testing\POS.Shared.Testing\POS.Shared.Testing.csproj", "{1ECA6DF7-898C-426C-B8B4-F779CE94EB77}"
EndProject
Project("{2150E333-8FDC-42A3-9474-1A3956D46DE8}") = "Infrastructure", "Infrastructure", "{7BA5BE10-C931-4E06-887E-8CB57181EB4F}"
EndProject
Project("{FAE04EC0-301F-11D3-BF4B-00C04F79EFBC}") = "POS.Shared.Infrastructure.Api", "Shared\Infrastructure\POS.Shared.Infrastructure.Api\POS.Shared.Infrastructure.Api.csproj", "{2C4221F9-EE78-4F2A-8769-A340959E18CC}"
EndProject
Project("{FAE04EC0-301F-11D3-BF4B-00C04F79EFBC}") = "POS.Domains.Customer.Abstractions", "Domains\Customer\POS.Domains.Customer.Abstractions\POS.Domains.Customer.Abstractions.csproj", "{5911C630-B54F-420D-A883-30496554D3C5}"
EndProject
Project("{FAE04EC0-301F-11D3-BF4B-00C04F79EFBC}") = "POS.Shared.Domain.UnitTests", "Shared\Domain\POS.Shared.Domain.UnitTests\POS.Shared.Domain.UnitTests.csproj", "{13FECE4C-78E7-4AE1-9909-B13A9ABC4276}"
EndProject
Project("{FAE04EC0-301F-11D3-BF4B-00C04F79EFBC}") = "POS.Shared.Domain.Generic.UnitTests", "Shared\Domain\POS.Shared.Domain.Generic.UnitTests\POS.Shared.Domain.Generic.UnitTests.csproj", "{155ED73C-0553-D5D8-957B-3DAB6638DD00}"
EndProject
Project("{FAE04EC0-301F-11D3-BF4B-00C04F79EFBC}") = "POS.Shared.Infrastructure.DependencyInjection", "Shared\Infrastructure\POS.Shared.Infrastructure.DependencyInjection\POS.Shared.Infrastructure.DependencyInjection.csproj", "{56A603B7-467A-442F-81B3-36E0B20DC3E8}"
EndProject
Project("{FAE04EC0-301F-11D3-BF4B-00C04F79EFBC}") = "PizzaService.Aws", "Deployables\PizzaService.Aws\PizzaService.Aws.csproj", "{36EECB40-D1C3-4FA2-B0C5-99BF883140C4}"
EndProject
Project("{FAE04EC0-301F-11D3-BF4B-00C04F79EFBC}") = "PizzaService.Base", "Deployables\PizzaService.Base\PizzaService.Base.csproj", "{8CC2C428-89B7-4C4C-A56A-7C98E6EDB488}"
EndProject
Project("{FAE04EC0-301F-11D3-BF4B-00C04F79EFBC}") = "PizzaService.AspNetCore", "Deployables\PizzaService.AspNetCore\PizzaService.AspNetCore.csproj", "{D5CF3483-4C85-480A-B8A0-764862D9004D}"
EndProject
Global
	GlobalSection(SolutionConfigurationPlatforms) = preSolution
		Debug|Any CPU = Debug|Any CPU
		Release|Any CPU = Release|Any CPU
	EndGlobalSection
	GlobalSection(ProjectConfigurationPlatforms) = postSolution
		{65317300-0C06-41E7-9F1D-EE62319DE7F6}.Debug|Any CPU.ActiveCfg = Debug|Any CPU
		{65317300-0C06-41E7-9F1D-EE62319DE7F6}.Debug|Any CPU.Build.0 = Debug|Any CPU
		{65317300-0C06-41E7-9F1D-EE62319DE7F6}.Release|Any CPU.ActiveCfg = Release|Any CPU
		{65317300-0C06-41E7-9F1D-EE62319DE7F6}.Release|Any CPU.Build.0 = Release|Any CPU
		{1773E549-E9CF-41B0-B5E6-DFF235385153}.Debug|Any CPU.ActiveCfg = Debug|Any CPU
		{1773E549-E9CF-41B0-B5E6-DFF235385153}.Debug|Any CPU.Build.0 = Debug|Any CPU
		{1773E549-E9CF-41B0-B5E6-DFF235385153}.Release|Any CPU.ActiveCfg = Release|Any CPU
		{1773E549-E9CF-41B0-B5E6-DFF235385153}.Release|Any CPU.Build.0 = Release|Any CPU
		{930EBFD6-17E1-4110-80E9-4FD52475720D}.Debug|Any CPU.ActiveCfg = Debug|Any CPU
		{930EBFD6-17E1-4110-80E9-4FD52475720D}.Debug|Any CPU.Build.0 = Debug|Any CPU
		{930EBFD6-17E1-4110-80E9-4FD52475720D}.Release|Any CPU.ActiveCfg = Release|Any CPU
		{930EBFD6-17E1-4110-80E9-4FD52475720D}.Release|Any CPU.Build.0 = Release|Any CPU
		{9E42609E-EC4B-47D9-8066-48D4A076FBB6}.Debug|Any CPU.ActiveCfg = Debug|Any CPU
		{9E42609E-EC4B-47D9-8066-48D4A076FBB6}.Debug|Any CPU.Build.0 = Debug|Any CPU
		{9E42609E-EC4B-47D9-8066-48D4A076FBB6}.Release|Any CPU.ActiveCfg = Release|Any CPU
		{9E42609E-EC4B-47D9-8066-48D4A076FBB6}.Release|Any CPU.Build.0 = Release|Any CPU
		{FEA27B42-F8AF-44CE-8EF5-A27AACAD5DA1}.Debug|Any CPU.ActiveCfg = Debug|Any CPU
		{FEA27B42-F8AF-44CE-8EF5-A27AACAD5DA1}.Debug|Any CPU.Build.0 = Debug|Any CPU
		{FEA27B42-F8AF-44CE-8EF5-A27AACAD5DA1}.Release|Any CPU.ActiveCfg = Release|Any CPU
		{FEA27B42-F8AF-44CE-8EF5-A27AACAD5DA1}.Release|Any CPU.Build.0 = Release|Any CPU
		{AE24ECC5-2DDB-4440-940C-8CE76609C818}.Debug|Any CPU.ActiveCfg = Debug|Any CPU
		{AE24ECC5-2DDB-4440-940C-8CE76609C818}.Debug|Any CPU.Build.0 = Debug|Any CPU
		{AE24ECC5-2DDB-4440-940C-8CE76609C818}.Release|Any CPU.ActiveCfg = Release|Any CPU
		{AE24ECC5-2DDB-4440-940C-8CE76609C818}.Release|Any CPU.Build.0 = Release|Any CPU
		{CB91B0E8-9A85-468B-89FC-77E92D50AB31}.Debug|Any CPU.ActiveCfg = Debug|Any CPU
		{CB91B0E8-9A85-468B-89FC-77E92D50AB31}.Debug|Any CPU.Build.0 = Debug|Any CPU
		{CB91B0E8-9A85-468B-89FC-77E92D50AB31}.Release|Any CPU.ActiveCfg = Release|Any CPU
		{CB91B0E8-9A85-468B-89FC-77E92D50AB31}.Release|Any CPU.Build.0 = Release|Any CPU
		{44E93143-5B82-4F45-A6E4-F24E34864988}.Debug|Any CPU.ActiveCfg = Debug|Any CPU
		{44E93143-5B82-4F45-A6E4-F24E34864988}.Debug|Any CPU.Build.0 = Debug|Any CPU
		{44E93143-5B82-4F45-A6E4-F24E34864988}.Release|Any CPU.ActiveCfg = Release|Any CPU
		{44E93143-5B82-4F45-A6E4-F24E34864988}.Release|Any CPU.Build.0 = Release|Any CPU
		{4E1EAB7C-94EC-4A2D-BB95-1E0B6AD5812B}.Debug|Any CPU.ActiveCfg = Debug|Any CPU
		{4E1EAB7C-94EC-4A2D-BB95-1E0B6AD5812B}.Debug|Any CPU.Build.0 = Debug|Any CPU
		{4E1EAB7C-94EC-4A2D-BB95-1E0B6AD5812B}.Release|Any CPU.ActiveCfg = Release|Any CPU
		{4E1EAB7C-94EC-4A2D-BB95-1E0B6AD5812B}.Release|Any CPU.Build.0 = Release|Any CPU
		{02A01D0A-7F5E-486A-BA05-747C4A74C488}.Debug|Any CPU.ActiveCfg = Debug|Any CPU
		{02A01D0A-7F5E-486A-BA05-747C4A74C488}.Debug|Any CPU.Build.0 = Debug|Any CPU
		{02A01D0A-7F5E-486A-BA05-747C4A74C488}.Release|Any CPU.ActiveCfg = Release|Any CPU
		{02A01D0A-7F5E-486A-BA05-747C4A74C488}.Release|Any CPU.Build.0 = Release|Any CPU
		{2E6DB639-3273-4564-91AE-BC28A2613A21}.Debug|Any CPU.ActiveCfg = Debug|Any CPU
		{2E6DB639-3273-4564-91AE-BC28A2613A21}.Debug|Any CPU.Build.0 = Debug|Any CPU
		{2E6DB639-3273-4564-91AE-BC28A2613A21}.Release|Any CPU.ActiveCfg = Release|Any CPU
		{2E6DB639-3273-4564-91AE-BC28A2613A21}.Release|Any CPU.Build.0 = Release|Any CPU
		{F7F1E134-E00F-4162-B974-8AAFC325F0B8}.Debug|Any CPU.ActiveCfg = Debug|Any CPU
		{F7F1E134-E00F-4162-B974-8AAFC325F0B8}.Debug|Any CPU.Build.0 = Debug|Any CPU
		{F7F1E134-E00F-4162-B974-8AAFC325F0B8}.Release|Any CPU.ActiveCfg = Release|Any CPU
		{F7F1E134-E00F-4162-B974-8AAFC325F0B8}.Release|Any CPU.Build.0 = Release|Any CPU
		{6B5A2FEB-DD8A-452C-833D-B3E7D901E103}.Debug|Any CPU.ActiveCfg = Debug|Any CPU
		{6B5A2FEB-DD8A-452C-833D-B3E7D901E103}.Debug|Any CPU.Build.0 = Debug|Any CPU
		{6B5A2FEB-DD8A-452C-833D-B3E7D901E103}.Release|Any CPU.ActiveCfg = Release|Any CPU
		{6B5A2FEB-DD8A-452C-833D-B3E7D901E103}.Release|Any CPU.Build.0 = Release|Any CPU
		{DB2365CB-3836-4462-8D4A-1279A024F800}.Debug|Any CPU.ActiveCfg = Debug|Any CPU
		{DB2365CB-3836-4462-8D4A-1279A024F800}.Debug|Any CPU.Build.0 = Debug|Any CPU
		{DB2365CB-3836-4462-8D4A-1279A024F800}.Release|Any CPU.ActiveCfg = Release|Any CPU
		{DB2365CB-3836-4462-8D4A-1279A024F800}.Release|Any CPU.Build.0 = Release|Any CPU
		{1ECA6DF7-898C-426C-B8B4-F779CE94EB77}.Debug|Any CPU.ActiveCfg = Debug|Any CPU
		{1ECA6DF7-898C-426C-B8B4-F779CE94EB77}.Debug|Any CPU.Build.0 = Debug|Any CPU
		{1ECA6DF7-898C-426C-B8B4-F779CE94EB77}.Release|Any CPU.ActiveCfg = Release|Any CPU
		{1ECA6DF7-898C-426C-B8B4-F779CE94EB77}.Release|Any CPU.Build.0 = Release|Any CPU
		{2C4221F9-EE78-4F2A-8769-A340959E18CC}.Debug|Any CPU.ActiveCfg = Debug|Any CPU
		{2C4221F9-EE78-4F2A-8769-A340959E18CC}.Debug|Any CPU.Build.0 = Debug|Any CPU
		{2C4221F9-EE78-4F2A-8769-A340959E18CC}.Release|Any CPU.ActiveCfg = Release|Any CPU
		{2C4221F9-EE78-4F2A-8769-A340959E18CC}.Release|Any CPU.Build.0 = Release|Any CPU
		{5911C630-B54F-420D-A883-30496554D3C5}.Debug|Any CPU.ActiveCfg = Debug|Any CPU
		{5911C630-B54F-420D-A883-30496554D3C5}.Debug|Any CPU.Build.0 = Debug|Any CPU
		{5911C630-B54F-420D-A883-30496554D3C5}.Release|Any CPU.ActiveCfg = Release|Any CPU
		{5911C630-B54F-420D-A883-30496554D3C5}.Release|Any CPU.Build.0 = Release|Any CPU
		{13FECE4C-78E7-4AE1-9909-B13A9ABC4276}.Debug|Any CPU.ActiveCfg = Debug|Any CPU
		{13FECE4C-78E7-4AE1-9909-B13A9ABC4276}.Debug|Any CPU.Build.0 = Debug|Any CPU
		{13FECE4C-78E7-4AE1-9909-B13A9ABC4276}.Release|Any CPU.ActiveCfg = Release|Any CPU
		{13FECE4C-78E7-4AE1-9909-B13A9ABC4276}.Release|Any CPU.Build.0 = Release|Any CPU
		{155ED73C-0553-D5D8-957B-3DAB6638DD00}.Debug|Any CPU.ActiveCfg = Debug|Any CPU
		{155ED73C-0553-D5D8-957B-3DAB6638DD00}.Debug|Any CPU.Build.0 = Debug|Any CPU
		{155ED73C-0553-D5D8-957B-3DAB6638DD00}.Release|Any CPU.ActiveCfg = Release|Any CPU
		{155ED73C-0553-D5D8-957B-3DAB6638DD00}.Release|Any CPU.Build.0 = Release|Any CPU
		{56A603B7-467A-442F-81B3-36E0B20DC3E8}.Debug|Any CPU.ActiveCfg = Debug|Any CPU
		{56A603B7-467A-442F-81B3-36E0B20DC3E8}.Debug|Any CPU.Build.0 = Debug|Any CPU
		{56A603B7-467A-442F-81B3-36E0B20DC3E8}.Release|Any CPU.ActiveCfg = Release|Any CPU
		{56A603B7-467A-442F-81B3-36E0B20DC3E8}.Release|Any CPU.Build.0 = Release|Any CPU
		{36EECB40-D1C3-4FA2-B0C5-99BF883140C4}.Debug|Any CPU.ActiveCfg = Debug|Any CPU
		{36EECB40-D1C3-4FA2-B0C5-99BF883140C4}.Debug|Any CPU.Build.0 = Debug|Any CPU
		{36EECB40-D1C3-4FA2-B0C5-99BF883140C4}.Release|Any CPU.ActiveCfg = Release|Any CPU
		{36EECB40-D1C3-4FA2-B0C5-99BF883140C4}.Release|Any CPU.Build.0 = Release|Any CPU
		{8CC2C428-89B7-4C4C-A56A-7C98E6EDB488}.Debug|Any CPU.ActiveCfg = Debug|Any CPU
		{8CC2C428-89B7-4C4C-A56A-7C98E6EDB488}.Debug|Any CPU.Build.0 = Debug|Any CPU
		{8CC2C428-89B7-4C4C-A56A-7C98E6EDB488}.Release|Any CPU.ActiveCfg = Release|Any CPU
		{8CC2C428-89B7-4C4C-A56A-7C98E6EDB488}.Release|Any CPU.Build.0 = Release|Any CPU
		{D5CF3483-4C85-480A-B8A0-764862D9004D}.Debug|Any CPU.ActiveCfg = Debug|Any CPU
		{D5CF3483-4C85-480A-B8A0-764862D9004D}.Debug|Any CPU.Build.0 = Debug|Any CPU
		{D5CF3483-4C85-480A-B8A0-764862D9004D}.Release|Any CPU.ActiveCfg = Release|Any CPU
		{D5CF3483-4C85-480A-B8A0-764862D9004D}.Release|Any CPU.Build.0 = Release|Any CPU
	EndGlobalSection
	GlobalSection(SolutionProperties) = preSolution
		HideSolutionNode = FALSE
	EndGlobalSection
	GlobalSection(NestedProjects) = preSolution
		{CFA687FB-6CD6-4A14-BE84-465F271F99FD} = {4A4C5A58-EBE2-4867-B050-4FD353E4305D}
		{0C2CFBFE-AD2A-41BF-B922-63E58D6E8EFC} = {4A4C5A58-EBE2-4867-B050-4FD353E4305D}
		{4BE036B3-9432-4D7B-9E2C-E22A035E3750} = {4A4C5A58-EBE2-4867-B050-4FD353E4305D}
		{65317300-0C06-41E7-9F1D-EE62319DE7F6} = {CFA687FB-6CD6-4A14-BE84-465F271F99FD}
		{1773E549-E9CF-41B0-B5E6-DFF235385153} = {CFA687FB-6CD6-4A14-BE84-465F271F99FD}
		{29995282-2F1E-4A4C-890E-69EC86803F3C} = {93BE109E-F614-458D-B1DD-5C01A4C2DFFF}
		{56AA34D6-5B31-442A-AF0A-939CF38747DF} = {93BE109E-F614-458D-B1DD-5C01A4C2DFFF}
		{930EBFD6-17E1-4110-80E9-4FD52475720D} = {56AA34D6-5B31-442A-AF0A-939CF38747DF}
		{9E42609E-EC4B-47D9-8066-48D4A076FBB6} = {56AA34D6-5B31-442A-AF0A-939CF38747DF}
		{FEA27B42-F8AF-44CE-8EF5-A27AACAD5DA1} = {CFA687FB-6CD6-4A14-BE84-465F271F99FD}
		{AE24ECC5-2DDB-4440-940C-8CE76609C818} = {CFA687FB-6CD6-4A14-BE84-465F271F99FD}
		{CB91B0E8-9A85-468B-89FC-77E92D50AB31} = {29995282-2F1E-4A4C-890E-69EC86803F3C}
		{44E93143-5B82-4F45-A6E4-F24E34864988} = {5FD8AA1D-33AA-4C0D-9D17-A2A7EF4C8C0D}
		{4E1EAB7C-94EC-4A2D-BB95-1E0B6AD5812B} = {29995282-2F1E-4A4C-890E-69EC86803F3C}
		{02A01D0A-7F5E-486A-BA05-747C4A74C488} = {29995282-2F1E-4A4C-890E-69EC86803F3C}
		{2E6DB639-3273-4564-91AE-BC28A2613A21} = {5FD8AA1D-33AA-4C0D-9D17-A2A7EF4C8C0D}
		{F7F1E134-E00F-4162-B974-8AAFC325F0B8} = {5FD8AA1D-33AA-4C0D-9D17-A2A7EF4C8C0D}
		{6B5A2FEB-DD8A-452C-833D-B3E7D901E103} = {29995282-2F1E-4A4C-890E-69EC86803F3C}
		{DB2365CB-3836-4462-8D4A-1279A024F800} = {29995282-2F1E-4A4C-890E-69EC86803F3C}
		{80A141AC-F0C3-4DF1-A696-F419BBD0C7C2} = {93BE109E-F614-458D-B1DD-5C01A4C2DFFF}
		{1ECA6DF7-898C-426C-B8B4-F779CE94EB77} = {80A141AC-F0C3-4DF1-A696-F419BBD0C7C2}
		{7BA5BE10-C931-4E06-887E-8CB57181EB4F} = {93BE109E-F614-458D-B1DD-5C01A4C2DFFF}
		{2C4221F9-EE78-4F2A-8769-A340959E18CC} = {7BA5BE10-C931-4E06-887E-8CB57181EB4F}
		{5911C630-B54F-420D-A883-30496554D3C5} = {CFA687FB-6CD6-4A14-BE84-465F271F99FD}
		{13FECE4C-78E7-4AE1-9909-B13A9ABC4276} = {56AA34D6-5B31-442A-AF0A-939CF38747DF}
		{155ED73C-0553-D5D8-957B-3DAB6638DD00} = {56AA34D6-5B31-442A-AF0A-939CF38747DF}
		{56A603B7-467A-442F-81B3-36E0B20DC3E8} = {7BA5BE10-C931-4E06-887E-8CB57181EB4F}
		{36EECB40-D1C3-4FA2-B0C5-99BF883140C4} = {C2748FB2-AC6E-42CD-A53D-4EA329E24FF4}
		{8CC2C428-89B7-4C4C-A56A-7C98E6EDB488} = {C2748FB2-AC6E-42CD-A53D-4EA329E24FF4}
		{D5CF3483-4C85-480A-B8A0-764862D9004D} = {C2748FB2-AC6E-42CD-A53D-4EA329E24FF4}
	EndGlobalSection
	GlobalSection(ExtensibilityGlobals) = postSolution
		SolutionGuid = {3EE9B52E-1327-4A63-86E1-BB354A241BA7}
	EndGlobalSection
EndGlobal
